
Microsoft Visual Studio Solution File, Format Version 12.00
# Visual Studio Version 16
VisualStudioVersion = 16.0.31025.194
MinimumVisualStudioVersion = 10.0.40219.1
Project("{9A19103F-16F7-4668-BE54-9A1E7A4F7556}") = "MyBlog", "MyBlog\MyBlog.csproj", "{DECD2469-CA83-43A0-96D7-A129E98B4E01}"
EndProject
Project("{2150E333-8FDC-42A3-9474-1A3956D46DE8}") = "Solution Items", "Solution Items", "{371098C0-B44A-47A9-8C4A-129267AC394B}"
	ProjectSection(SolutionItems) = preProject
		.gitignore = .gitignore
	EndProjectSection
EndProject
Global
	GlobalSection(SolutionConfigurationPlatforms) = preSolution
		Debug|Any CPU = Debug|Any CPU
		Release|Any CPU = Release|Any CPU
	EndGlobalSection
	GlobalSection(ProjectConfigurationPlatforms) = postSolution
		{DECD2469-CA83-43A0-96D7-A129E98B4E01}.Debug|Any CPU.ActiveCfg = Debug|Any CPU
		{DECD2469-CA83-43A0-96D7-A129E98B4E01}.Debug|Any CPU.Build.0 = Debug|Any CPU
		{DECD2469-CA83-43A0-96D7-A129E98B4E01}.Release|Any CPU.ActiveCfg = Release|Any CPU
		{DECD2469-CA83-43A0-96D7-A129E98B4E01}.Release|Any CPU.Build.0 = Release|Any CPU
	EndGlobalSection
	GlobalSection(SolutionProperties) = preSolution
		HideSolutionNode = FALSE
	EndGlobalSection
	GlobalSection(ExtensibilityGlobals) = postSolution
		SolutionGuid = {E316AD26-9E8B-4A63-8676-840A362B927E}
	EndGlobalSection
EndGlobal
